
Microsoft Visual Studio Solution File, Format Version 12.00
# Visual Studio Version 17
VisualStudioVersion = 17.9.34616.47
MinimumVisualStudioVersion = 10.0.40219.1
Project("{FAE04EC0-301F-11D3-BF4B-00C04F79EFBC}") = "RazorPageMovie", "RazorPageMovie\RazorPageMovie.csproj", "{905BE874-1B99-4DF7-A971-A27F3655C5DA}"
EndProject
Global
	GlobalSection(SolutionConfigurationPlatforms) = preSolution
		Debug|Any CPU = Debug|Any CPU
		Release|Any CPU = Release|Any CPU
	EndGlobalSection
	GlobalSection(ProjectConfigurationPlatforms) = postSolution
		{905BE874-1B99-4DF7-A971-A27F3655C5DA}.Debug|Any CPU.ActiveCfg = Debug|Any CPU
		{905BE874-1B99-4DF7-A971-A27F3655C5DA}.Debug|Any CPU.Build.0 = Debug|Any CPU
		{905BE874-1B99-4DF7-A971-A27F3655C5DA}.Release|Any CPU.ActiveCfg = Release|Any CPU
		{905BE874-1B99-4DF7-A971-A27F3655C5DA}.Release|Any CPU.Build.0 = Release|Any CPU
	EndGlobalSection
	GlobalSection(SolutionProperties) = preSolution
		HideSolutionNode = FALSE
	EndGlobalSection
	GlobalSection(ExtensibilityGlobals) = postSolution
		SolutionGuid = {047E3503-2D94-4AB5-861A-4E9158BEC1C0}
	EndGlobalSection
EndGlobal
